
Microsoft Visual Studio Solution File, Format Version 12.00
# Visual Studio 2013
VisualStudioVersion = 12.0.21005.1
MinimumVisualStudioVersion = 10.0.40219.1
Project("{FAE04EC0-301F-11D3-BF4B-00C04F79EFBC}") = "UIEditor", "UIEditor\UIEditor.csproj", "{56900468-9E82-45AD-8BF5-68B57CBEE866}"
	ProjectSection(ProjectDependencies) = postProject
		{41178F82-3B34-49AF-B93E-5DC746E52E19} = {41178F82-3B34-49AF-B93E-5DC746E52E19}
	EndProjectSection
EndProject
Project("{FAE04EC0-301F-11D3-BF4B-00C04F79EFBC}") = "KNX", "KNX\KNX.csproj", "{8041336D-A839-4876-B2BD-6FD0964588EB}"
EndProject
Project("{FAE04EC0-301F-11D3-BF4B-00C04F79EFBC}") = "Structure", "Structure\Structure.csproj", "{41178F82-3B34-49AF-B93E-5DC746E52E19}"
EndProject
Project("{6141683F-8A12-4E36-9623-2EB02B2C2303}") = "SVE Setup", "SVE Setup\SVE Setup.isproj", "{4BE5B91B-63DF-464F-B661-BF233264A40F}"
	ProjectSection(ProjectDependencies) = postProject
		{56900468-9E82-45AD-8BF5-68B57CBEE866} = {56900468-9E82-45AD-8BF5-68B57CBEE866}
		{8041336D-A839-4876-B2BD-6FD0964588EB} = {8041336D-A839-4876-B2BD-6FD0964588EB}
		{41178F82-3B34-49AF-B93E-5DC746E52E19} = {41178F82-3B34-49AF-B93E-5DC746E52E19}
	EndProjectSection
EndProject
Project("{FAE04EC0-301F-11D3-BF4B-00C04F79EFBC}") = "Utils", "Utils\Utils.csproj", "{99047CCD-8CD3-4389-BB8C-9E6627371F67}"
EndProject
Project("{FAE04EC0-301F-11D3-BF4B-00C04F79EFBC}") = "Upgrade", "Upgrade\Upgrade.csproj", "{10784168-8B77-4189-B91C-D38D901FBBF3}"
EndProject
Global
	GlobalSection(SolutionConfigurationPlatforms) = preSolution
		CD_ROM|Any CPU = CD_ROM|Any CPU
		Debug NET40|Any CPU = Debug NET40|Any CPU
		Debug|Any CPU = Debug|Any CPU
		DVD-5|Any CPU = DVD-5|Any CPU
		Release NET20|Any CPU = Release NET20|Any CPU
		Release NET40|Any CPU = Release NET40|Any CPU
		Release|Any CPU = Release|Any CPU
		SingleImage|Any CPU = SingleImage|Any CPU
	EndGlobalSection
	GlobalSection(ProjectConfigurationPlatforms) = postSolution
		{56900468-9E82-45AD-8BF5-68B57CBEE866}.CD_ROM|Any CPU.ActiveCfg = Release|Any CPU
		{56900468-9E82-45AD-8BF5-68B57CBEE866}.CD_ROM|Any CPU.Build.0 = Release|Any CPU
		{56900468-9E82-45AD-8BF5-68B57CBEE866}.Debug NET40|Any CPU.ActiveCfg = Debug|Any CPU
		{56900468-9E82-45AD-8BF5-68B57CBEE866}.Debug NET40|Any CPU.Build.0 = Debug|Any CPU
		{56900468-9E82-45AD-8BF5-68B57CBEE866}.Debug|Any CPU.ActiveCfg = Debug|Any CPU
		{56900468-9E82-45AD-8BF5-68B57CBEE866}.Debug|Any CPU.Build.0 = Debug|Any CPU
		{56900468-9E82-45AD-8BF5-68B57CBEE866}.DVD-5|Any CPU.ActiveCfg = Debug|Any CPU
		{56900468-9E82-45AD-8BF5-68B57CBEE866}.DVD-5|Any CPU.Build.0 = Debug|Any CPU
		{56900468-9E82-45AD-8BF5-68B57CBEE866}.Release NET20|Any CPU.ActiveCfg = Release|Any CPU
		{56900468-9E82-45AD-8BF5-68B57CBEE866}.Release NET20|Any CPU.Build.0 = Release|Any CPU
		{56900468-9E82-45AD-8BF5-68B57CBEE866}.Release NET40|Any CPU.ActiveCfg = Release|Any CPU
		{56900468-9E82-45AD-8BF5-68B57CBEE866}.Release NET40|Any CPU.Build.0 = Release|Any CPU
		{56900468-9E82-45AD-8BF5-68B57CBEE866}.Release|Any CPU.ActiveCfg = Release|Any CPU
		{56900468-9E82-45AD-8BF5-68B57CBEE866}.Release|Any CPU.Build.0 = Release|Any CPU
		{56900468-9E82-45AD-8BF5-68B57CBEE866}.SingleImage|Any CPU.ActiveCfg = Release|Any CPU
		{56900468-9E82-45AD-8BF5-68B57CBEE866}.SingleImage|Any CPU.Build.0 = Release|Any CPU
		{8041336D-A839-4876-B2BD-6FD0964588EB}.CD_ROM|Any CPU.ActiveCfg = Release|Any CPU
		{8041336D-A839-4876-B2BD-6FD0964588EB}.CD_ROM|Any CPU.Build.0 = Release|Any CPU
		{8041336D-A839-4876-B2BD-6FD0964588EB}.Debug NET40|Any CPU.ActiveCfg = Debug|Any CPU
		{8041336D-A839-4876-B2BD-6FD0964588EB}.Debug NET40|Any CPU.Build.0 = Debug|Any CPU
		{8041336D-A839-4876-B2BD-6FD0964588EB}.Debug|Any CPU.ActiveCfg = Debug|Any CPU
		{8041336D-A839-4876-B2BD-6FD0964588EB}.Debug|Any CPU.Build.0 = Debug|Any CPU
		{8041336D-A839-4876-B2BD-6FD0964588EB}.DVD-5|Any CPU.ActiveCfg = Debug|Any CPU
		{8041336D-A839-4876-B2BD-6FD0964588EB}.DVD-5|Any CPU.Build.0 = Debug|Any CPU
		{8041336D-A839-4876-B2BD-6FD0964588EB}.Release NET20|Any CPU.ActiveCfg = Release|Any CPU
		{8041336D-A839-4876-B2BD-6FD0964588EB}.Release NET20|Any CPU.Build.0 = Release|Any CPU
		{8041336D-A839-4876-B2BD-6FD0964588EB}.Release NET40|Any CPU.ActiveCfg = Release|Any CPU
		{8041336D-A839-4876-B2BD-6FD0964588EB}.Release NET40|Any CPU.Build.0 = Release|Any CPU
		{8041336D-A839-4876-B2BD-6FD0964588EB}.Release|Any CPU.ActiveCfg = Release|Any CPU
		{8041336D-A839-4876-B2BD-6FD0964588EB}.Release|Any CPU.Build.0 = Release|Any CPU
		{8041336D-A839-4876-B2BD-6FD0964588EB}.SingleImage|Any CPU.ActiveCfg = Release|Any CPU
		{8041336D-A839-4876-B2BD-6FD0964588EB}.SingleImage|Any CPU.Build.0 = Release|Any CPU
		{41178F82-3B34-49AF-B93E-5DC746E52E19}.CD_ROM|Any CPU.ActiveCfg = Release|Any CPU
		{41178F82-3B34-49AF-B93E-5DC746E52E19}.CD_ROM|Any CPU.Build.0 = Release|Any CPU
		{41178F82-3B34-49AF-B93E-5DC746E52E19}.Debug NET40|Any CPU.ActiveCfg = Debug|Any CPU
		{41178F82-3B34-49AF-B93E-5DC746E52E19}.Debug NET40|Any CPU.Build.0 = Debug|Any CPU
		{41178F82-3B34-49AF-B93E-5DC746E52E19}.Debug|Any CPU.ActiveCfg = Debug|Any CPU
		{41178F82-3B34-49AF-B93E-5DC746E52E19}.Debug|Any CPU.Build.0 = Debug|Any CPU
		{41178F82-3B34-49AF-B93E-5DC746E52E19}.DVD-5|Any CPU.ActiveCfg = Debug|Any CPU
		{41178F82-3B34-49AF-B93E-5DC746E52E19}.DVD-5|Any CPU.Build.0 = Debug|Any CPU
		{41178F82-3B34-49AF-B93E-5DC746E52E19}.Release NET20|Any CPU.ActiveCfg = Release|Any CPU
		{41178F82-3B34-49AF-B93E-5DC746E52E19}.Release NET20|Any CPU.Build.0 = Release|Any CPU
		{41178F82-3B34-49AF-B93E-5DC746E52E19}.Release NET40|Any CPU.ActiveCfg = Release|Any CPU
		{41178F82-3B34-49AF-B93E-5DC746E52E19}.Release NET40|Any CPU.Build.0 = Release|Any CPU
		{41178F82-3B34-49AF-B93E-5DC746E52E19}.Release|Any CPU.ActiveCfg = Release|Any CPU
		{41178F82-3B34-49AF-B93E-5DC746E52E19}.Release|Any CPU.Build.0 = Release|Any CPU
		{41178F82-3B34-49AF-B93E-5DC746E52E19}.SingleImage|Any CPU.ActiveCfg = Release|Any CPU
		{41178F82-3B34-49AF-B93E-5DC746E52E19}.SingleImage|Any CPU.Build.0 = Release|Any CPU
		{4BE5B91B-63DF-464F-B661-BF233264A40F}.CD_ROM|Any CPU.ActiveCfg = CD_ROM
		{4BE5B91B-63DF-464F-B661-BF233264A40F}.CD_ROM|Any CPU.Build.0 = CD_ROM
		{4BE5B91B-63DF-464F-B661-BF233264A40F}.Debug NET40|Any CPU.ActiveCfg = DVD-5
		{4BE5B91B-63DF-464F-B661-BF233264A40F}.Debug NET40|Any CPU.Build.0 = DVD-5
		{4BE5B91B-63DF-464F-B661-BF233264A40F}.Debug|Any CPU.ActiveCfg = DVD-5
		{4BE5B91B-63DF-464F-B661-BF233264A40F}.Debug|Any CPU.Build.0 = DVD-5
		{4BE5B91B-63DF-464F-B661-BF233264A40F}.DVD-5|Any CPU.ActiveCfg = DVD-5
		{4BE5B91B-63DF-464F-B661-BF233264A40F}.DVD-5|Any CPU.Build.0 = DVD-5
		{4BE5B91B-63DF-464F-B661-BF233264A40F}.Release NET20|Any CPU.ActiveCfg = SingleImage
		{4BE5B91B-63DF-464F-B661-BF233264A40F}.Release NET20|Any CPU.Build.0 = SingleImage
		{4BE5B91B-63DF-464F-B661-BF233264A40F}.Release NET40|Any CPU.ActiveCfg = SingleImage
		{4BE5B91B-63DF-464F-B661-BF233264A40F}.Release NET40|Any CPU.Build.0 = SingleImage
		{4BE5B91B-63DF-464F-B661-BF233264A40F}.Release|Any CPU.ActiveCfg = SingleImage
		{4BE5B91B-63DF-464F-B661-BF233264A40F}.Release|Any CPU.Build.0 = SingleImage
		{4BE5B91B-63DF-464F-B661-BF233264A40F}.SingleImage|Any CPU.ActiveCfg = SingleImage
		{4BE5B91B-63DF-464F-B661-BF233264A40F}.SingleImage|Any CPU.Build.0 = SingleImage
		{99047CCD-8CD3-4389-BB8C-9E6627371F67}.CD_ROM|Any CPU.ActiveCfg = Release|Any CPU
		{99047CCD-8CD3-4389-BB8C-9E6627371F67}.CD_ROM|Any CPU.Build.0 = Release|Any CPU
		{99047CCD-8CD3-4389-BB8C-9E6627371F67}.Debug NET40|Any CPU.ActiveCfg = Debug|Any CPU
		{99047CCD-8CD3-4389-BB8C-9E6627371F67}.Debug NET40|Any CPU.Build.0 = Debug|Any CPU
		{99047CCD-8CD3-4389-BB8C-9E6627371F67}.Debug|Any CPU.ActiveCfg = Debug|Any CPU
		{99047CCD-8CD3-4389-BB8C-9E6627371F67}.Debug|Any CPU.Build.0 = Debug|Any CPU
		{99047CCD-8CD3-4389-BB8C-9E6627371F67}.DVD-5|Any CPU.ActiveCfg = Debug|Any CPU
		{99047CCD-8CD3-4389-BB8C-9E6627371F67}.DVD-5|Any CPU.Build.0 = Debug|Any CPU
		{99047CCD-8CD3-4389-BB8C-9E6627371F67}.Release NET20|Any CPU.ActiveCfg = Release|Any CPU
		{99047CCD-8CD3-4389-BB8C-9E6627371F67}.Release NET20|Any CPU.Build.0 = Release|Any CPU
		{99047CCD-8CD3-4389-BB8C-9E6627371F67}.Release NET40|Any CPU.ActiveCfg = Release|Any CPU
		{99047CCD-8CD3-4389-BB8C-9E6627371F67}.Release NET40|Any CPU.Build.0 = Release|Any CPU
		{99047CCD-8CD3-4389-BB8C-9E6627371F67}.Release|Any CPU.ActiveCfg = Release|Any CPU
		{99047CCD-8CD3-4389-BB8C-9E6627371F67}.Release|Any CPU.Build.0 = Release|Any CPU
		{99047CCD-8CD3-4389-BB8C-9E6627371F67}.SingleImage|Any CPU.ActiveCfg = Release|Any CPU
		{99047CCD-8CD3-4389-BB8C-9E6627371F67}.SingleImage|Any CPU.Build.0 = Release|Any CPU
		{10784168-8B77-4189-B91C-D38D901FBBF3}.CD_ROM|Any CPU.ActiveCfg = Release|Any CPU
		{10784168-8B77-4189-B91C-D38D901FBBF3}.CD_ROM|Any CPU.Build.0 = Release|Any CPU
		{10784168-8B77-4189-B91C-D38D901FBBF3}.Debug NET40|Any CPU.ActiveCfg = Debug|Any CPU
		{10784168-8B77-4189-B91C-D38D901FBBF3}.Debug NET40|Any CPU.Build.0 = Debug|Any CPU
		{10784168-8B77-4189-B91C-D38D901FBBF3}.Debug|Any CPU.ActiveCfg = Debug|Any CPU
		{10784168-8B77-4189-B91C-D38D901FBBF3}.Debug|Any CPU.Build.0 = Debug|Any CPU
		{10784168-8B77-4189-B91C-D38D901FBBF3}.DVD-5|Any CPU.ActiveCfg = Debug|Any CPU
		{10784168-8B77-4189-B91C-D38D901FBBF3}.DVD-5|Any CPU.Build.0 = Debug|Any CPU
		{10784168-8B77-4189-B91C-D38D901FBBF3}.Release NET20|Any CPU.ActiveCfg = Release|Any CPU
		{10784168-8B77-4189-B91C-D38D901FBBF3}.Release NET20|Any CPU.Build.0 = Release|Any CPU
		{10784168-8B77-4189-B91C-D38D901FBBF3}.Release NET40|Any CPU.ActiveCfg = Release|Any CPU
		{10784168-8B77-4189-B91C-D38D901FBBF3}.Release NET40|Any CPU.Build.0 = Release|Any CPU
		{10784168-8B77-4189-B91C-D38D901FBBF3}.Release|Any CPU.ActiveCfg = Release|Any CPU
		{10784168-8B77-4189-B91C-D38D901FBBF3}.Release|Any CPU.Build.0 = Release|Any CPU
		{10784168-8B77-4189-B91C-D38D901FBBF3}.SingleImage|Any CPU.ActiveCfg = Release|Any CPU
		{10784168-8B77-4189-B91C-D38D901FBBF3}.SingleImage|Any CPU.Build.0 = Release|Any CPU
	EndGlobalSection
	GlobalSection(SolutionProperties) = preSolution
		HideSolutionNode = FALSE
	EndGlobalSection
	GlobalSection(SubversionScc) = preSolution
		Svn-Managed = True
		Manager = AnkhSVN - Subversion Support for Visual Studio
	EndGlobalSection
EndGlobal
